
Microsoft Visual Studio Solution File, Format Version 12.00
# Visual Studio 15
VisualStudioVersion = 15.0.27703.2035
MinimumVisualStudioVersion = 10.0.40219.1
Project("{FAE04EC0-301F-11D3-BF4B-00C04F79EFBC}") = "EFCore.Android", "EFCore\EFCore.Android\EFCore.Android.csproj", "{531AA786-2146-4C47-821D-53B64405C5DB}"
EndProject
Project("{FAE04EC0-301F-11D3-BF4B-00C04F79EFBC}") = "EFCore.iOS", "EFCore\EFCore.iOS\EFCore.iOS.csproj", "{6FE7F773-8D90-4B2D-A689-368A36AC6E21}"
EndProject
Project("{FAE04EC0-301F-11D3-BF4B-00C04F79EFBC}") = "EFCore.UWP", "EFCore\EFCore.UWP\EFCore.UWP.csproj", "{65CA1CBB-006D-4DAC-B060-0E871CBB5292}"
EndProject
Project("{FAE04EC0-301F-11D3-BF4B-00C04F79EFBC}") = "EFCore", "EFCore\EFCore\EFCore.csproj", "{7DA0F2A3-4B96-4914-B3E4-32F6E007CBA3}"
EndProject
Global
	GlobalSection(SolutionConfigurationPlatforms) = preSolution
		Ad-Hoc|Any CPU = Ad-Hoc|Any CPU
		Ad-Hoc|ARM = Ad-Hoc|ARM
		Ad-Hoc|iPhone = Ad-Hoc|iPhone
		Ad-Hoc|iPhoneSimulator = Ad-Hoc|iPhoneSimulator
		Ad-Hoc|x64 = Ad-Hoc|x64
		Ad-Hoc|x86 = Ad-Hoc|x86
		AppStore|Any CPU = AppStore|Any CPU
		AppStore|ARM = AppStore|ARM
		AppStore|iPhone = AppStore|iPhone
		AppStore|iPhoneSimulator = AppStore|iPhoneSimulator
		AppStore|x64 = AppStore|x64
		AppStore|x86 = AppStore|x86
		Debug|Any CPU = Debug|Any CPU
		Debug|ARM = Debug|ARM
		Debug|iPhone = Debug|iPhone
		Debug|iPhoneSimulator = Debug|iPhoneSimulator
		Debug|x64 = Debug|x64
		Debug|x86 = Debug|x86
		Release|Any CPU = Release|Any CPU
		Release|ARM = Release|ARM
		Release|iPhone = Release|iPhone
		Release|iPhoneSimulator = Release|iPhoneSimulator
		Release|x64 = Release|x64
		Release|x86 = Release|x86
	EndGlobalSection
	GlobalSection(ProjectConfigurationPlatforms) = postSolution
		{531AA786-2146-4C47-821D-53B64405C5DB}.Ad-Hoc|Any CPU.ActiveCfg = Release|Any CPU
		{531AA786-2146-4C47-821D-53B64405C5DB}.Ad-Hoc|Any CPU.Build.0 = Release|Any CPU
		{531AA786-2146-4C47-821D-53B64405C5DB}.Ad-Hoc|Any CPU.Deploy.0 = Release|Any CPU
		{531AA786-2146-4C47-821D-53B64405C5DB}.Ad-Hoc|ARM.ActiveCfg = Release|Any CPU
		{531AA786-2146-4C47-821D-53B64405C5DB}.Ad-Hoc|ARM.Build.0 = Release|Any CPU
		{531AA786-2146-4C47-821D-53B64405C5DB}.Ad-Hoc|ARM.Deploy.0 = Release|Any CPU
		{531AA786-2146-4C47-821D-53B64405C5DB}.Ad-Hoc|iPhone.ActiveCfg = Release|Any CPU
		{531AA786-2146-4C47-821D-53B64405C5DB}.Ad-Hoc|iPhone.Build.0 = Release|Any CPU
		{531AA786-2146-4C47-821D-53B64405C5DB}.Ad-Hoc|iPhone.Deploy.0 = Release|Any CPU
		{531AA786-2146-4C47-821D-53B64405C5DB}.Ad-Hoc|iPhoneSimulator.ActiveCfg = Release|Any CPU
		{531AA786-2146-4C47-821D-53B64405C5DB}.Ad-Hoc|iPhoneSimulator.Build.0 = Release|Any CPU
		{531AA786-2146-4C47-821D-53B64405C5DB}.Ad-Hoc|iPhoneSimulator.Deploy.0 = Release|Any CPU
		{531AA786-2146-4C47-821D-53B64405C5DB}.Ad-Hoc|x64.ActiveCfg = Release|Any CPU
		{531AA786-2146-4C47-821D-53B64405C5DB}.Ad-Hoc|x64.Build.0 = Release|Any CPU
		{531AA786-2146-4C47-821D-53B64405C5DB}.Ad-Hoc|x64.Deploy.0 = Release|Any CPU
		{531AA786-2146-4C47-821D-53B64405C5DB}.Ad-Hoc|x86.ActiveCfg = Release|Any CPU
		{531AA786-2146-4C47-821D-53B64405C5DB}.Ad-Hoc|x86.Build.0 = Release|Any CPU
		{531AA786-2146-4C47-821D-53B64405C5DB}.Ad-Hoc|x86.Deploy.0 = Release|Any CPU
		{531AA786-2146-4C47-821D-53B64405C5DB}.AppStore|Any CPU.ActiveCfg = Release|Any CPU
		{531AA786-2146-4C47-821D-53B64405C5DB}.AppStore|Any CPU.Build.0 = Release|Any CPU
		{531AA786-2146-4C47-821D-53B64405C5DB}.AppStore|Any CPU.Deploy.0 = Release|Any CPU
		{531AA786-2146-4C47-821D-53B64405C5DB}.AppStore|ARM.ActiveCfg = Release|Any CPU
		{531AA786-2146-4C47-821D-53B64405C5DB}.AppStore|ARM.Build.0 = Release|Any CPU
		{531AA786-2146-4C47-821D-53B64405C5DB}.AppStore|ARM.Deploy.0 = Release|Any CPU
		{531AA786-2146-4C47-821D-53B64405C5DB}.AppStore|iPhone.ActiveCfg = Release|Any CPU
		{531AA786-2146-4C47-821D-53B64405C5DB}.AppStore|iPhone.Build.0 = Release|Any CPU
		{531AA786-2146-4C47-821D-53B64405C5DB}.AppStore|iPhone.Deploy.0 = Release|Any CPU
		{531AA786-2146-4C47-821D-53B64405C5DB}.AppStore|iPhoneSimulator.ActiveCfg = Release|Any CPU
		{531AA786-2146-4C47-821D-53B64405C5DB}.AppStore|iPhoneSimulator.Build.0 = Release|Any CPU
		{531AA786-2146-4C47-821D-53B64405C5DB}.AppStore|iPhoneSimulator.Deploy.0 = Release|Any CPU
		{531AA786-2146-4C47-821D-53B64405C5DB}.AppStore|x64.ActiveCfg = Release|Any CPU
		{531AA786-2146-4C47-821D-53B64405C5DB}.AppStore|x64.Build.0 = Release|Any CPU
		{531AA786-2146-4C47-821D-53B64405C5DB}.AppStore|x64.Deploy.0 = Release|Any CPU
		{531AA786-2146-4C47-821D-53B64405C5DB}.AppStore|x86.ActiveCfg = Release|Any CPU
		{531AA786-2146-4C47-821D-53B64405C5DB}.AppStore|x86.Build.0 = Release|Any CPU
		{531AA786-2146-4C47-821D-53B64405C5DB}.AppStore|x86.Deploy.0 = Release|Any CPU
		{531AA786-2146-4C47-821D-53B64405C5DB}.Debug|Any CPU.ActiveCfg = Debug|Any CPU
		{531AA786-2146-4C47-821D-53B64405C5DB}.Debug|Any CPU.Build.0 = Debug|Any CPU
		{531AA786-2146-4C47-821D-53B64405C5DB}.Debug|Any CPU.Deploy.0 = Debug|Any CPU
		{531AA786-2146-4C47-821D-53B64405C5DB}.Debug|ARM.ActiveCfg = Debug|Any CPU
		{531AA786-2146-4C47-821D-53B64405C5DB}.Debug|ARM.Build.0 = Debug|Any CPU
		{531AA786-2146-4C47-821D-53B64405C5DB}.Debug|ARM.Deploy.0 = Debug|Any CPU
		{531AA786-2146-4C47-821D-53B64405C5DB}.Debug|iPhone.ActiveCfg = Debug|Any CPU
		{531AA786-2146-4C47-821D-53B64405C5DB}.Debug|iPhone.Build.0 = Debug|Any CPU
		{531AA786-2146-4C47-821D-53B64405C5DB}.Debug|iPhone.Deploy.0 = Debug|Any CPU
		{531AA786-2146-4C47-821D-53B64405C5DB}.Debug|iPhoneSimulator.ActiveCfg = Debug|Any CPU
		{531AA786-2146-4C47-821D-53B64405C5DB}.Debug|iPhoneSimulator.Build.0 = Debug|Any CPU
		{531AA786-2146-4C47-821D-53B64405C5DB}.Debug|iPhoneSimulator.Deploy.0 = Debug|Any CPU
		{531AA786-2146-4C47-821D-53B64405C5DB}.Debug|x64.ActiveCfg = Debug|Any CPU
		{531AA786-2146-4C47-821D-53B64405C5DB}.Debug|x64.Build.0 = Debug|Any CPU
		{531AA786-2146-4C47-821D-53B64405C5DB}.Debug|x64.Deploy.0 = Debug|Any CPU
		{531AA786-2146-4C47-821D-53B64405C5DB}.Debug|x86.ActiveCfg = Debug|Any CPU
		{531AA786-2146-4C47-821D-53B64405C5DB}.Debug|x86.Build.0 = Debug|Any CPU
		{531AA786-2146-4C47-821D-53B64405C5DB}.Debug|x86.Deploy.0 = Debug|Any CPU
		{531AA786-2146-4C47-821D-53B64405C5DB}.Release|Any CPU.ActiveCfg = Release|Any CPU
		{531AA786-2146-4C47-821D-53B64405C5DB}.Release|Any CPU.Build.0 = Release|Any CPU
		{531AA786-2146-4C47-821D-53B64405C5DB}.Release|Any CPU.Deploy.0 = Release|Any CPU
		{531AA786-2146-4C47-821D-53B64405C5DB}.Release|ARM.ActiveCfg = Release|Any CPU
		{531AA786-2146-4C47-821D-53B64405C5DB}.Release|ARM.Build.0 = Release|Any CPU
		{531AA786-2146-4C47-821D-53B64405C5DB}.Release|ARM.Deploy.0 = Release|Any CPU
		{531AA786-2146-4C47-821D-53B64405C5DB}.Release|iPhone.ActiveCfg = Release|Any CPU
		{531AA786-2146-4C47-821D-53B64405C5DB}.Release|iPhone.Build.0 = Release|Any CPU
		{531AA786-2146-4C47-821D-53B64405C5DB}.Release|iPhone.Deploy.0 = Release|Any CPU
		{531AA786-2146-4C47-821D-53B64405C5DB}.Release|iPhoneSimulator.ActiveCfg = Release|Any CPU
		{531AA786-2146-4C47-821D-53B64405C5DB}.Release|iPhoneSimulator.Build.0 = Release|Any CPU
		{531AA786-2146-4C47-821D-53B64405C5DB}.Release|iPhoneSimulator.Deploy.0 = Release|Any CPU
		{531AA786-2146-4C47-821D-53B64405C5DB}.Release|x64.ActiveCfg = Release|Any CPU
		{531AA786-2146-4C47-821D-53B64405C5DB}.Release|x64.Build.0 = Release|Any CPU
		{531AA786-2146-4C47-821D-53B64405C5DB}.Release|x64.Deploy.0 = Release|Any CPU
		{531AA786-2146-4C47-821D-53B64405C5DB}.Release|x86.ActiveCfg = Release|Any CPU
		{531AA786-2146-4C47-821D-53B64405C5DB}.Release|x86.Build.0 = Release|Any CPU
		{531AA786-2146-4C47-821D-53B64405C5DB}.Release|x86.Deploy.0 = Release|Any CPU
		{6FE7F773-8D90-4B2D-A689-368A36AC6E21}.Ad-Hoc|Any CPU.ActiveCfg = Ad-Hoc|iPhone
		{6FE7F773-8D90-4B2D-A689-368A36AC6E21}.Ad-Hoc|Any CPU.Build.0 = Ad-Hoc|iPhone
		{6FE7F773-8D90-4B2D-A689-368A36AC6E21}.Ad-Hoc|Any CPU.Deploy.0 = Ad-Hoc|iPhone
		{6FE7F773-8D90-4B2D-A689-368A36AC6E21}.Ad-Hoc|ARM.ActiveCfg = Ad-Hoc|iPhone
		{6FE7F773-8D90-4B2D-A689-368A36AC6E21}.Ad-Hoc|ARM.Build.0 = Ad-Hoc|iPhone
		{6FE7F773-8D90-4B2D-A689-368A36AC6E21}.Ad-Hoc|ARM.Deploy.0 = Ad-Hoc|iPhone
		{6FE7F773-8D90-4B2D-A689-368A36AC6E21}.Ad-Hoc|iPhone.ActiveCfg = Ad-Hoc|iPhone
		{6FE7F773-8D90-4B2D-A689-368A36AC6E21}.Ad-Hoc|iPhone.Build.0 = Ad-Hoc|iPhone
		{6FE7F773-8D90-4B2D-A689-368A36AC6E21}.Ad-Hoc|iPhone.Deploy.0 = Ad-Hoc|iPhone
		{6FE7F773-8D90-4B2D-A689-368A36AC6E21}.Ad-Hoc|iPhoneSimulator.ActiveCfg = Ad-Hoc|iPhoneSimulator
		{6FE7F773-8D90-4B2D-A689-368A36AC6E21}.Ad-Hoc|iPhoneSimulator.Build.0 = Ad-Hoc|iPhoneSimulator
		{6FE7F773-8D90-4B2D-A689-368A36AC6E21}.Ad-Hoc|iPhoneSimulator.Deploy.0 = Ad-Hoc|iPhoneSimulator
		{6FE7F773-8D90-4B2D-A689-368A36AC6E21}.Ad-Hoc|x64.ActiveCfg = Ad-Hoc|iPhone
		{6FE7F773-8D90-4B2D-A689-368A36AC6E21}.Ad-Hoc|x64.Build.0 = Ad-Hoc|iPhone
		{6FE7F773-8D90-4B2D-A689-368A36AC6E21}.Ad-Hoc|x64.Deploy.0 = Ad-Hoc|iPhone
		{6FE7F773-8D90-4B2D-A689-368A36AC6E21}.Ad-Hoc|x86.ActiveCfg = Ad-Hoc|iPhone
		{6FE7F773-8D90-4B2D-A689-368A36AC6E21}.Ad-Hoc|x86.Build.0 = Ad-Hoc|iPhone
		{6FE7F773-8D90-4B2D-A689-368A36AC6E21}.Ad-Hoc|x86.Deploy.0 = Ad-Hoc|iPhone
		{6FE7F773-8D90-4B2D-A689-368A36AC6E21}.AppStore|Any CPU.ActiveCfg = AppStore|iPhone
		{6FE7F773-8D90-4B2D-A689-368A36AC6E21}.AppStore|Any CPU.Build.0 = AppStore|iPhone
		{6FE7F773-8D90-4B2D-A689-368A36AC6E21}.AppStore|Any CPU.Deploy.0 = AppStore|iPhone
		{6FE7F773-8D90-4B2D-A689-368A36AC6E21}.AppStore|ARM.ActiveCfg = AppStore|iPhone
		{6FE7F773-8D90-4B2D-A689-368A36AC6E21}.AppStore|ARM.Build.0 = AppStore|iPhone
		{6FE7F773-8D90-4B2D-A689-368A36AC6E21}.AppStore|ARM.Deploy.0 = AppStore|iPhone
		{6FE7F773-8D90-4B2D-A689-368A36AC6E21}.AppStore|iPhone.ActiveCfg = AppStore|iPhone
		{6FE7F773-8D90-4B2D-A689-368A36AC6E21}.AppStore|iPhone.Build.0 = AppStore|iPhone
		{6FE7F773-8D90-4B2D-A689-368A36AC6E21}.AppStore|iPhone.Deploy.0 = AppStore|iPhone
		{6FE7F773-8D90-4B2D-A689-368A36AC6E21}.AppStore|iPhoneSimulator.ActiveCfg = AppStore|iPhoneSimulator
		{6FE7F773-8D90-4B2D-A689-368A36AC6E21}.AppStore|iPhoneSimulator.Build.0 = AppStore|iPhoneSimulator
		{6FE7F773-8D90-4B2D-A689-368A36AC6E21}.AppStore|iPhoneSimulator.Deploy.0 = AppStore|iPhoneSimulator
		{6FE7F773-8D90-4B2D-A689-368A36AC6E21}.AppStore|x64.ActiveCfg = AppStore|iPhone
		{6FE7F773-8D90-4B2D-A689-368A36AC6E21}.AppStore|x64.Build.0 = AppStore|iPhone
		{6FE7F773-8D90-4B2D-A689-368A36AC6E21}.AppStore|x64.Deploy.0 = AppStore|iPhone
		{6FE7F773-8D90-4B2D-A689-368A36AC6E21}.AppStore|x86.ActiveCfg = AppStore|iPhone
		{6FE7F773-8D90-4B2D-A689-368A36AC6E21}.AppStore|x86.Build.0 = AppStore|iPhone
		{6FE7F773-8D90-4B2D-A689-368A36AC6E21}.AppStore|x86.Deploy.0 = AppStore|iPhone
		{6FE7F773-8D90-4B2D-A689-368A36AC6E21}.Debug|Any CPU.ActiveCfg = Debug|iPhoneSimulator
		{6FE7F773-8D90-4B2D-A689-368A36AC6E21}.Debug|Any CPU.Build.0 = Debug|iPhoneSimulator
		{6FE7F773-8D90-4B2D-A689-368A36AC6E21}.Debug|Any CPU.Deploy.0 = Debug|iPhoneSimulator
		{6FE7F773-8D90-4B2D-A689-368A36AC6E21}.Debug|ARM.ActiveCfg = Debug|iPhone
		{6FE7F773-8D90-4B2D-A689-368A36AC6E21}.Debug|ARM.Build.0 = Debug|iPhone
		{6FE7F773-8D90-4B2D-A689-368A36AC6E21}.Debug|ARM.Deploy.0 = Debug|iPhone
		{6FE7F773-8D90-4B2D-A689-368A36AC6E21}.Debug|iPhone.ActiveCfg = Debug|iPhone
		{6FE7F773-8D90-4B2D-A689-368A36AC6E21}.Debug|iPhone.Build.0 = Debug|iPhone
		{6FE7F773-8D90-4B2D-A689-368A36AC6E21}.Debug|iPhone.Deploy.0 = Debug|iPhone
		{6FE7F773-8D90-4B2D-A689-368A36AC6E21}.Debug|iPhoneSimulator.ActiveCfg = Debug|iPhoneSimulator
		{6FE7F773-8D90-4B2D-A689-368A36AC6E21}.Debug|iPhoneSimulator.Build.0 = Debug|iPhoneSimulator
		{6FE7F773-8D90-4B2D-A689-368A36AC6E21}.Debug|iPhoneSimulator.Deploy.0 = Debug|iPhoneSimulator
		{6FE7F773-8D90-4B2D-A689-368A36AC6E21}.Debug|x64.ActiveCfg = Debug|iPhone
		{6FE7F773-8D90-4B2D-A689-368A36AC6E21}.Debug|x64.Build.0 = Debug|iPhone
		{6FE7F773-8D90-4B2D-A689-368A36AC6E21}.Debug|x64.Deploy.0 = Debug|iPhone
		{6FE7F773-8D90-4B2D-A689-368A36AC6E21}.Debug|x86.ActiveCfg = Debug|iPhone
		{6FE7F773-8D90-4B2D-A689-368A36AC6E21}.Debug|x86.Build.0 = Debug|iPhone
		{6FE7F773-8D90-4B2D-A689-368A36AC6E21}.Debug|x86.Deploy.0 = Debug|iPhone
		{6FE7F773-8D90-4B2D-A689-368A36AC6E21}.Release|Any CPU.ActiveCfg = Release|iPhone
		{6FE7F773-8D90-4B2D-A689-368A36AC6E21}.Release|Any CPU.Build.0 = Release|iPhone
		{6FE7F773-8D90-4B2D-A689-368A36AC6E21}.Release|Any CPU.Deploy.0 = Release|iPhone
		{6FE7F773-8D90-4B2D-A689-368A36AC6E21}.Release|ARM.ActiveCfg = Release|iPhone
		{6FE7F773-8D90-4B2D-A689-368A36AC6E21}.Release|ARM.Build.0 = Release|iPhone
		{6FE7F773-8D90-4B2D-A689-368A36AC6E21}.Release|ARM.Deploy.0 = Release|iPhone
		{6FE7F773-8D90-4B2D-A689-368A36AC6E21}.Release|iPhone.ActiveCfg = Release|iPhone
		{6FE7F773-8D90-4B2D-A689-368A36AC6E21}.Release|iPhone.Build.0 = Release|iPhone
		{6FE7F773-8D90-4B2D-A689-368A36AC6E21}.Release|iPhone.Deploy.0 = Release|iPhone
		{6FE7F773-8D90-4B2D-A689-368A36AC6E21}.Release|iPhoneSimulator.ActiveCfg = Release|iPhoneSimulator
		{6FE7F773-8D90-4B2D-A689-368A36AC6E21}.Release|iPhoneSimulator.Build.0 = Release|iPhoneSimulator
		{6FE7F773-8D90-4B2D-A689-368A36AC6E21}.Release|iPhoneSimulator.Deploy.0 = Release|iPhoneSimulator
		{6FE7F773-8D90-4B2D-A689-368A36AC6E21}.Release|x64.ActiveCfg = Release|iPhone
		{6FE7F773-8D90-4B2D-A689-368A36AC6E21}.Release|x64.Build.0 = Release|iPhone
		{6FE7F773-8D90-4B2D-A689-368A36AC6E21}.Release|x64.Deploy.0 = Release|iPhone
		{6FE7F773-8D90-4B2D-A689-368A36AC6E21}.Release|x86.ActiveCfg = Release|iPhone
		{6FE7F773-8D90-4B2D-A689-368A36AC6E21}.Release|x86.Build.0 = Release|iPhone
		{6FE7F773-8D90-4B2D-A689-368A36AC6E21}.Release|x86.Deploy.0 = Release|iPhone
		{65CA1CBB-006D-4DAC-B060-0E871CBB5292}.Ad-Hoc|Any CPU.ActiveCfg = Release|x86
		{65CA1CBB-006D-4DAC-B060-0E871CBB5292}.Ad-Hoc|Any CPU.Build.0 = Release|x86
		{65CA1CBB-006D-4DAC-B060-0E871CBB5292}.Ad-Hoc|Any CPU.Deploy.0 = Release|x86
		{65CA1CBB-006D-4DAC-B060-0E871CBB5292}.Ad-Hoc|ARM.ActiveCfg = Release|ARM
		{65CA1CBB-006D-4DAC-B060-0E871CBB5292}.Ad-Hoc|ARM.Build.0 = Release|ARM
		{65CA1CBB-006D-4DAC-B060-0E871CBB5292}.Ad-Hoc|ARM.Deploy.0 = Release|ARM
		{65CA1CBB-006D-4DAC-B060-0E871CBB5292}.Ad-Hoc|iPhone.ActiveCfg = Release|x86
		{65CA1CBB-006D-4DAC-B060-0E871CBB5292}.Ad-Hoc|iPhone.Build.0 = Release|x86
		{65CA1CBB-006D-4DAC-B060-0E871CBB5292}.Ad-Hoc|iPhone.Deploy.0 = Release|x86
		{65CA1CBB-006D-4DAC-B060-0E871CBB5292}.Ad-Hoc|iPhoneSimulator.ActiveCfg = Release|x86
		{65CA1CBB-006D-4DAC-B060-0E871CBB5292}.Ad-Hoc|iPhoneSimulator.Build.0 = Release|x86
		{65CA1CBB-006D-4DAC-B060-0E871CBB5292}.Ad-Hoc|iPhoneSimulator.Deploy.0 = Release|x86
		{65CA1CBB-006D-4DAC-B060-0E871CBB5292}.Ad-Hoc|x64.ActiveCfg = Release|x64
		{65CA1CBB-006D-4DAC-B060-0E871CBB5292}.Ad-Hoc|x64.Build.0 = Release|x64
		{65CA1CBB-006D-4DAC-B060-0E871CBB5292}.Ad-Hoc|x64.Deploy.0 = Release|x64
		{65CA1CBB-006D-4DAC-B060-0E871CBB5292}.Ad-Hoc|x86.ActiveCfg = Release|x86
		{65CA1CBB-006D-4DAC-B060-0E871CBB5292}.Ad-Hoc|x86.Build.0 = Release|x86
		{65CA1CBB-006D-4DAC-B060-0E871CBB5292}.Ad-Hoc|x86.Deploy.0 = Release|x86
		{65CA1CBB-006D-4DAC-B060-0E871CBB5292}.AppStore|Any CPU.ActiveCfg = Release|x86
		{65CA1CBB-006D-4DAC-B060-0E871CBB5292}.AppStore|Any CPU.Build.0 = Release|x86
		{65CA1CBB-006D-4DAC-B060-0E871CBB5292}.AppStore|Any CPU.Deploy.0 = Release|x86
		{65CA1CBB-006D-4DAC-B060-0E871CBB5292}.AppStore|ARM.ActiveCfg = Release|ARM
		{65CA1CBB-006D-4DAC-B060-0E871CBB5292}.AppStore|ARM.Build.0 = Release|ARM
		{65CA1CBB-006D-4DAC-B060-0E871CBB5292}.AppStore|ARM.Deploy.0 = Release|ARM
		{65CA1CBB-006D-4DAC-B060-0E871CBB5292}.AppStore|iPhone.ActiveCfg = Release|x86
		{65CA1CBB-006D-4DAC-B060-0E871CBB5292}.AppStore|iPhone.Build.0 = Release|x86
		{65CA1CBB-006D-4DAC-B060-0E871CBB5292}.AppStore|iPhone.Deploy.0 = Release|x86
		{65CA1CBB-006D-4DAC-B060-0E871CBB5292}.AppStore|iPhoneSimulator.ActiveCfg = Release|x86
		{65CA1CBB-006D-4DAC-B060-0E871CBB5292}.AppStore|iPhoneSimulator.Build.0 = Release|x86
		{65CA1CBB-006D-4DAC-B060-0E871CBB5292}.AppStore|iPhoneSimulator.Deploy.0 = Release|x86
		{65CA1CBB-006D-4DAC-B060-0E871CBB5292}.AppStore|x64.ActiveCfg = Release|x64
		{65CA1CBB-006D-4DAC-B060-0E871CBB5292}.AppStore|x64.Build.0 = Release|x64
		{65CA1CBB-006D-4DAC-B060-0E871CBB5292}.AppStore|x64.Deploy.0 = Release|x64
		{65CA1CBB-006D-4DAC-B060-0E871CBB5292}.AppStore|x86.ActiveCfg = Release|x86
		{65CA1CBB-006D-4DAC-B060-0E871CBB5292}.AppStore|x86.Build.0 = Release|x86
		{65CA1CBB-006D-4DAC-B060-0E871CBB5292}.AppStore|x86.Deploy.0 = Release|x86
		{65CA1CBB-006D-4DAC-B060-0E871CBB5292}.Debug|Any CPU.ActiveCfg = Debug|x86
		{65CA1CBB-006D-4DAC-B060-0E871CBB5292}.Debug|Any CPU.Build.0 = Debug|x86
		{65CA1CBB-006D-4DAC-B060-0E871CBB5292}.Debug|Any CPU.Deploy.0 = Debug|x86
		{65CA1CBB-006D-4DAC-B060-0E871CBB5292}.Debug|ARM.ActiveCfg = Debug|ARM
		{65CA1CBB-006D-4DAC-B060-0E871CBB5292}.Debug|ARM.Build.0 = Debug|ARM
		{65CA1CBB-006D-4DAC-B060-0E871CBB5292}.Debug|ARM.Deploy.0 = Debug|ARM
		{65CA1CBB-006D-4DAC-B060-0E871CBB5292}.Debug|iPhone.ActiveCfg = Debug|x86
		{65CA1CBB-006D-4DAC-B060-0E871CBB5292}.Debug|iPhone.Build.0 = Debug|x86
		{65CA1CBB-006D-4DAC-B060-0E871CBB5292}.Debug|iPhone.Deploy.0 = Debug|x86
		{65CA1CBB-006D-4DAC-B060-0E871CBB5292}.Debug|iPhoneSimulator.ActiveCfg = Debug|x86
		{65CA1CBB-006D-4DAC-B060-0E871CBB5292}.Debug|iPhoneSimulator.Build.0 = Debug|x86
		{65CA1CBB-006D-4DAC-B060-0E871CBB5292}.Debug|iPhoneSimulator.Deploy.0 = Debug|x86
		{65CA1CBB-006D-4DAC-B060-0E871CBB5292}.Debug|x64.ActiveCfg = Debug|x64
		{65CA1CBB-006D-4DAC-B060-0E871CBB5292}.Debug|x64.Build.0 = Debug|x64
		{65CA1CBB-006D-4DAC-B060-0E871CBB5292}.Debug|x64.Deploy.0 = Debug|x64
		{65CA1CBB-006D-4DAC-B060-0E871CBB5292}.Debug|x86.ActiveCfg = Debug|x86
		{65CA1CBB-006D-4DAC-B060-0E871CBB5292}.Debug|x86.Build.0 = Debug|x86
		{65CA1CBB-006D-4DAC-B060-0E871CBB5292}.Debug|x86.Deploy.0 = Debug|x86
		{65CA1CBB-006D-4DAC-B060-0E871CBB5292}.Release|Any CPU.ActiveCfg = Release|x86
		{65CA1CBB-006D-4DAC-B060-0E871CBB5292}.Release|Any CPU.Build.0 = Release|x86
		{65CA1CBB-006D-4DAC-B060-0E871CBB5292}.Release|Any CPU.Deploy.0 = Release|x86
		{65CA1CBB-006D-4DAC-B060-0E871CBB5292}.Release|ARM.ActiveCfg = Release|ARM
		{65CA1CBB-006D-4DAC-B060-0E871CBB5292}.Release|ARM.Build.0 = Release|ARM
		{65CA1CBB-006D-4DAC-B060-0E871CBB5292}.Release|ARM.Deploy.0 = Release|ARM
		{65CA1CBB-006D-4DAC-B060-0E871CBB5292}.Release|iPhone.ActiveCfg = Release|x86
		{65CA1CBB-006D-4DAC-B060-0E871CBB5292}.Release|iPhone.Build.0 = Release|x86
		{65CA1CBB-006D-4DAC-B060-0E871CBB5292}.Release|iPhone.Deploy.0 = Release|x86
		{65CA1CBB-006D-4DAC-B060-0E871CBB5292}.Release|iPhoneSimulator.ActiveCfg = Release|x86
		{65CA1CBB-006D-4DAC-B060-0E871CBB5292}.Release|iPhoneSimulator.Build.0 = Release|x86
		{65CA1CBB-006D-4DAC-B060-0E871CBB5292}.Release|iPhoneSimulator.Deploy.0 = Release|x86
		{65CA1CBB-006D-4DAC-B060-0E871CBB5292}.Release|x64.ActiveCfg = Release|x64
		{65CA1CBB-006D-4DAC-B060-0E871CBB5292}.Release|x64.Build.0 = Release|x64
		{65CA1CBB-006D-4DAC-B060-0E871CBB5292}.Release|x64.Deploy.0 = Release|x64
		{65CA1CBB-006D-4DAC-B060-0E871CBB5292}.Release|x86.ActiveCfg = Release|x86
		{65CA1CBB-006D-4DAC-B060-0E871CBB5292}.Release|x86.Build.0 = Release|x86
		{65CA1CBB-006D-4DAC-B060-0E871CBB5292}.Release|x86.Deploy.0 = Release|x86
		{7DA0F2A3-4B96-4914-B3E4-32F6E007CBA3}.Ad-Hoc|Any CPU.ActiveCfg = Debug|Any CPU
		{7DA0F2A3-4B96-4914-B3E4-32F6E007CBA3}.Ad-Hoc|Any CPU.Build.0 = Debug|Any CPU
		{7DA0F2A3-4B96-4914-B3E4-32F6E007CBA3}.Ad-Hoc|Any CPU.Deploy.0 = Debug|Any CPU
		{7DA0F2A3-4B96-4914-B3E4-32F6E007CBA3}.Ad-Hoc|ARM.ActiveCfg = Debug|Any CPU
		{7DA0F2A3-4B96-4914-B3E4-32F6E007CBA3}.Ad-Hoc|ARM.Build.0 = Debug|Any CPU
		{7DA0F2A3-4B96-4914-B3E4-32F6E007CBA3}.Ad-Hoc|ARM.Deploy.0 = Debug|Any CPU
		{7DA0F2A3-4B96-4914-B3E4-32F6E007CBA3}.Ad-Hoc|iPhone.ActiveCfg = Debug|Any CPU
		{7DA0F2A3-4B96-4914-B3E4-32F6E007CBA3}.Ad-Hoc|iPhone.Build.0 = Debug|Any CPU
		{7DA0F2A3-4B96-4914-B3E4-32F6E007CBA3}.Ad-Hoc|iPhone.Deploy.0 = Debug|Any CPU
		{7DA0F2A3-4B96-4914-B3E4-32F6E007CBA3}.Ad-Hoc|iPhoneSimulator.ActiveCfg = Debug|Any CPU
		{7DA0F2A3-4B96-4914-B3E4-32F6E007CBA3}.Ad-Hoc|iPhoneSimulator.Build.0 = Debug|Any CPU
		{7DA0F2A3-4B96-4914-B3E4-32F6E007CBA3}.Ad-Hoc|iPhoneSimulator.Deploy.0 = Debug|Any CPU
		{7DA0F2A3-4B96-4914-B3E4-32F6E007CBA3}.Ad-Hoc|x64.ActiveCfg = Debug|Any CPU
		{7DA0F2A3-4B96-4914-B3E4-32F6E007CBA3}.Ad-Hoc|x64.Build.0 = Debug|Any CPU
		{7DA0F2A3-4B96-4914-B3E4-32F6E007CBA3}.Ad-Hoc|x64.Deploy.0 = Debug|Any CPU
		{7DA0F2A3-4B96-4914-B3E4-32F6E007CBA3}.Ad-Hoc|x86.ActiveCfg = Debug|Any CPU
		{7DA0F2A3-4B96-4914-B3E4-32F6E007CBA3}.Ad-Hoc|x86.Build.0 = Debug|Any CPU
		{7DA0F2A3-4B96-4914-B3E4-32F6E007CBA3}.Ad-Hoc|x86.Deploy.0 = Debug|Any CPU
		{7DA0F2A3-4B96-4914-B3E4-32F6E007CBA3}.AppStore|Any CPU.ActiveCfg = Debug|Any CPU
		{7DA0F2A3-4B96-4914-B3E4-32F6E007CBA3}.AppStore|Any CPU.Build.0 = Debug|Any CPU
		{7DA0F2A3-4B96-4914-B3E4-32F6E007CBA3}.AppStore|Any CPU.Deploy.0 = Debug|Any CPU
		{7DA0F2A3-4B96-4914-B3E4-32F6E007CBA3}.AppStore|ARM.ActiveCfg = Debug|Any CPU
		{7DA0F2A3-4B96-4914-B3E4-32F6E007CBA3}.AppStore|ARM.Build.0 = Debug|Any CPU
		{7DA0F2A3-4B96-4914-B3E4-32F6E007CBA3}.AppStore|ARM.Deploy.0 = Debug|Any CPU
		{7DA0F2A3-4B96-4914-B3E4-32F6E007CBA3}.AppStore|iPhone.ActiveCfg = Debug|Any CPU
		{7DA0F2A3-4B96-4914-B3E4-32F6E007CBA3}.AppStore|iPhone.Build.0 = Debug|Any CPU
		{7DA0F2A3-4B96-4914-B3E4-32F6E007CBA3}.AppStore|iPhone.Deploy.0 = Debug|Any CPU
		{7DA0F2A3-4B96-4914-B3E4-32F6E007CBA3}.AppStore|iPhoneSimulator.ActiveCfg = Debug|Any CPU
		{7DA0F2A3-4B96-4914-B3E4-32F6E007CBA3}.AppStore|iPhoneSimulator.Build.0 = Debug|Any CPU
		{7DA0F2A3-4B96-4914-B3E4-32F6E007CBA3}.AppStore|iPhoneSimulator.Deploy.0 = Debug|Any CPU
		{7DA0F2A3-4B96-4914-B3E4-32F6E007CBA3}.AppStore|x64.ActiveCfg = Debug|Any CPU
		{7DA0F2A3-4B96-4914-B3E4-32F6E007CBA3}.AppStore|x64.Build.0 = Debug|Any CPU
		{7DA0F2A3-4B96-4914-B3E4-32F6E007CBA3}.AppStore|x64.Deploy.0 = Debug|Any CPU
		{7DA0F2A3-4B96-4914-B3E4-32F6E007CBA3}.AppStore|x86.ActiveCfg = Debug|Any CPU
		{7DA0F2A3-4B96-4914-B3E4-32F6E007CBA3}.AppStore|x86.Build.0 = Debug|Any CPU
		{7DA0F2A3-4B96-4914-B3E4-32F6E007CBA3}.AppStore|x86.Deploy.0 = Debug|Any CPU
		{7DA0F2A3-4B96-4914-B3E4-32F6E007CBA3}.Debug|Any CPU.ActiveCfg = Debug|Any CPU
		{7DA0F2A3-4B96-4914-B3E4-32F6E007CBA3}.Debug|Any CPU.Build.0 = Debug|Any CPU
		{7DA0F2A3-4B96-4914-B3E4-32F6E007CBA3}.Debug|Any CPU.Deploy.0 = Debug|Any CPU
		{7DA0F2A3-4B96-4914-B3E4-32F6E007CBA3}.Debug|ARM.ActiveCfg = Debug|Any CPU
		{7DA0F2A3-4B96-4914-B3E4-32F6E007CBA3}.Debug|ARM.Build.0 = Debug|Any CPU
		{7DA0F2A3-4B96-4914-B3E4-32F6E007CBA3}.Debug|ARM.Deploy.0 = Debug|Any CPU
		{7DA0F2A3-4B96-4914-B3E4-32F6E007CBA3}.Debug|iPhone.ActiveCfg = Debug|Any CPU
		{7DA0F2A3-4B96-4914-B3E4-32F6E007CBA3}.Debug|iPhone.Build.0 = Debug|Any CPU
		{7DA0F2A3-4B96-4914-B3E4-32F6E007CBA3}.Debug|iPhone.Deploy.0 = Debug|Any CPU
		{7DA0F2A3-4B96-4914-B3E4-32F6E007CBA3}.Debug|iPhoneSimulator.ActiveCfg = Debug|Any CPU
		{7DA0F2A3-4B96-4914-B3E4-32F6E007CBA3}.Debug|iPhoneSimulator.Build.0 = Debug|Any CPU
		{7DA0F2A3-4B96-4914-B3E4-32F6E007CBA3}.Debug|iPhoneSimulator.Deploy.0 = Debug|Any CPU
		{7DA0F2A3-4B96-4914-B3E4-32F6E007CBA3}.Debug|x64.ActiveCfg = Debug|Any CPU
		{7DA0F2A3-4B96-4914-B3E4-32F6E007CBA3}.Debug|x64.Build.0 = Debug|Any CPU
		{7DA0F2A3-4B96-4914-B3E4-32F6E007CBA3}.Debug|x64.Deploy.0 = Debug|Any CPU
		{7DA0F2A3-4B96-4914-B3E4-32F6E007CBA3}.Debug|x86.ActiveCfg = Debug|Any CPU
		{7DA0F2A3-4B96-4914-B3E4-32F6E007CBA3}.Debug|x86.Build.0 = Debug|Any CPU
		{7DA0F2A3-4B96-4914-B3E4-32F6E007CBA3}.Debug|x86.Deploy.0 = Debug|Any CPU
		{7DA0F2A3-4B96-4914-B3E4-32F6E007CBA3}.Release|Any CPU.ActiveCfg = Release|Any CPU
		{7DA0F2A3-4B96-4914-B3E4-32F6E007CBA3}.Release|Any CPU.Build.0 = Release|Any CPU
		{7DA0F2A3-4B96-4914-B3E4-32F6E007CBA3}.Release|Any CPU.Deploy.0 = Release|Any CPU
		{7DA0F2A3-4B96-4914-B3E4-32F6E007CBA3}.Release|ARM.ActiveCfg = Release|Any CPU
		{7DA0F2A3-4B96-4914-B3E4-32F6E007CBA3}.Release|ARM.Build.0 = Release|Any CPU
		{7DA0F2A3-4B96-4914-B3E4-32F6E007CBA3}.Release|ARM.Deploy.0 = Release|Any CPU
		{7DA0F2A3-4B96-4914-B3E4-32F6E007CBA3}.Release|iPhone.ActiveCfg = Release|Any CPU
		{7DA0F2A3-4B96-4914-B3E4-32F6E007CBA3}.Release|iPhone.Build.0 = Release|Any CPU
		{7DA0F2A3-4B96-4914-B3E4-32F6E007CBA3}.Release|iPhone.Deploy.0 = Release|Any CPU
		{7DA0F2A3-4B96-4914-B3E4-32F6E007CBA3}.Release|iPhoneSimulator.ActiveCfg = Release|Any CPU
		{7DA0F2A3-4B96-4914-B3E4-32F6E007CBA3}.Release|iPhoneSimulator.Build.0 = Release|Any CPU
		{7DA0F2A3-4B96-4914-B3E4-32F6E007CBA3}.Release|iPhoneSimulator.Deploy.0 = Release|Any CPU
		{7DA0F2A3-4B96-4914-B3E4-32F6E007CBA3}.Release|x64.ActiveCfg = Release|Any CPU
		{7DA0F2A3-4B96-4914-B3E4-32F6E007CBA3}.Release|x64.Build.0 = Release|Any CPU
		{7DA0F2A3-4B96-4914-B3E4-32F6E007CBA3}.Release|x64.Deploy.0 = Release|Any CPU
		{7DA0F2A3-4B96-4914-B3E4-32F6E007CBA3}.Release|x86.ActiveCfg = Release|Any CPU
		{7DA0F2A3-4B96-4914-B3E4-32F6E007CBA3}.Release|x86.Build.0 = Release|Any CPU
		{7DA0F2A3-4B96-4914-B3E4-32F6E007CBA3}.Release|x86.Deploy.0 = Release|Any CPU
	EndGlobalSection
	GlobalSection(SolutionProperties) = preSolution
		HideSolutionNode = FALSE
	EndGlobalSection
	GlobalSection(ExtensibilityGlobals) = postSolution
		SolutionGuid = {613357D0-8311-4BDC-AEF2-15A3A672E98E}
	EndGlobalSection
EndGlobal
